# This file is automatically @generated by Cargo.
# It is not intended for manual editing.
version = 3

[[package]]
name = "enable-ansi-support"
version = "0.1.2"
source = "registry+https://github.com/rust-lang/crates.io-index"
checksum = "28d29d3ca9ba14c336417f8d7bc7f373e8c16d10c30cc0794b09d3cecab631ab"
dependencies = [
 "winapi",
]

[[package]]
name = "installer"
version = "0.1.0"
dependencies = [
 "enable-ansi-support",
 "owo-colors",
]

[[package]]
name = "owo-colors"
version = "3.3.0"
source = "registry+https://github.com/rust-lang/crates.io-index"
checksum = "5e72e30578e0d0993c8ae20823dd9cff2bc5517d2f586a8aef462a581e8a03eb"

[[package]]
name = "winapi"
version = "0.3.9"
source = "registry+https://github.com/rust-lang/crates.io-index"
checksum = "5c839a674fcd7a98952e593242ea400abe93992746761e38641405d28b00f419"
dependencies = [
 "winapi-i686-pc-windows-gnu",
 "winapi-x86_64-pc-windows-gnu",
]

[[package]]
name = "winapi-i686-pc-windows-gnu"
version = "0.4.0"
source = "registry+https://github.com/rust-lang/crates.io-index"
checksum = "ac3b87c63620426dd9b991e5ce0329eff545bccbbb34f3be09ff6fb6ab51b7b6"

[[package]]
name = "winapi-x86_64-pc-windows-gnu"
version = "0.4.0"
source = "registry+https://github.com/rust-lang/crates.io-index"
checksum = "712e227841d057c1ee1cd2fb22fa7e5a5461ae8e48fa2ca79ec42cfc1931183f"
